// !$*UTF8*$!
{
	archiveVersion = 1;
	classes = {
	};
	objectVersion = 56;
	objects = {

/* Begin PBXBuildFile section */
		81517D7E2A09E24400AD3879 /* GameViewField.swift in Sources */ = {isa = PBXBuildFile; fileRef = 81517D7D2A09E24400AD3879 /* GameViewField.swift */; };
		81517D822A09E47D00AD3879 /* Login.swift in Sources */ = {isa = PBXBuildFile; fileRef = 81517D802A09E47D00AD3879 /* Login.swift */; };
		81517D832A09E47D00AD3879 /* LoginView.swift in Sources */ = {isa = PBXBuildFile; fileRef = 81517D812A09E47D00AD3879 /* LoginView.swift */; };
		81517DA12A0B13C800AD3879 /* ColorGameViewField.swift in Sources */ = {isa = PBXBuildFile; fileRef = 81517DA02A0B13C800AD3879 /* ColorGameViewField.swift */; };
		81517DAD2A0B15B900AD3879 /* verde.mp3 in Resources */ = {isa = PBXBuildFile; fileRef = 81517DA32A0B15B500AD3879 /* verde.mp3 */; };
		81517DAE2A0B15B900AD3879 /* cinza.mp3 in Resources */ = {isa = PBXBuildFile; fileRef = 81517DA42A0B15B500AD3879 /* cinza.mp3 */; };
		81517DAF2A0B15B900AD3879 /* azul.mp3 in Resources */ = {isa = PBXBuildFile; fileRef = 81517DA52A0B15B500AD3879 /* azul.mp3 */; };
		81517DB02A0B15B900AD3879 /* amarelo.mp3 in Resources */ = {isa = PBXBuildFile; fileRef = 81517DA62A0B15B500AD3879 /* amarelo.mp3 */; };
		81517DB12A0B15B900AD3879 /* laranjacolor.mp3 in Resources */ = {isa = PBXBuildFile; fileRef = 81517DA72A0B15B600AD3879 /* laranjacolor.mp3 */; };
		81517DB22A0B15B900AD3879 /* vermelho.mp3 in Resources */ = {isa = PBXBuildFile; fileRef = 81517DA82A0B15B600AD3879 /* vermelho.mp3 */; };
		81517DB32A0B15B900AD3879 /* marrom.mp3 in Resources */ = {isa = PBXBuildFile; fileRef = 81517DA92A0B15B800AD3879 /* marrom.mp3 */; };
		81517DB42A0B15B900AD3879 /* rosa.mp3 in Resources */ = {isa = PBXBuildFile; fileRef = 81517DAA2A0B15B800AD3879 /* rosa.mp3 */; };
		81517DB52A0B15B900AD3879 /* preto.mp3 in Resources */ = {isa = PBXBuildFile; fileRef = 81517DAB2A0B15B900AD3879 /* preto.mp3 */; };
		81517DB62A0B15B900AD3879 /* roxo.mp3 in Resources */ = {isa = PBXBuildFile; fileRef = 81517DAC2A0B15B900AD3879 /* roxo.mp3 */; };
		81517DB92A0B17E300AD3879 /* esfera.mp3 in Resources */ = {isa = PBXBuildFile; fileRef = 81517DB82A0B17E300AD3879 /* esfera.mp3 */; };
		815C87D42A09A2C4005C331F /* GeometricView.swift in Sources */ = {isa = PBXBuildFile; fileRef = 815C87D32A09A2C4005C331F /* GeometricView.swift */; };
		815C87DF2A09A7F7005C331F /* quadrado.mp3 in Resources */ = {isa = PBXBuildFile; fileRef = 815C87D62A09A7F7005C331F /* quadrado.mp3 */; };
		815C87E02A09A7F7005C331F /* triangulo.mp3 in Resources */ = {isa = PBXBuildFile; fileRef = 815C87D72A09A7F7005C331F /* triangulo.mp3 */; };
		815C87E12A09A7F7005C331F /* oval.mp3 in Resources */ = {isa = PBXBuildFile; fileRef = 815C87D82A09A7F7005C331F /* oval.mp3 */; };
		815C87E22A09A7F7005C331F /* retangulo.mp3 in Resources */ = {isa = PBXBuildFile; fileRef = 815C87D92A09A7F7005C331F /* retangulo.mp3 */; };
		815C87E32A09A7F7005C331F /* pentagono.mp3 in Resources */ = {isa = PBXBuildFile; fileRef = 815C87DA2A09A7F7005C331F /* pentagono.mp3 */; };
		815C87E42A09A7F7005C331F /* losango.mp3 in Resources */ = {isa = PBXBuildFile; fileRef = 815C87DB2A09A7F7005C331F /* losango.mp3 */; };
		815C87E52A09A7F7005C331F /* hexagono.mp3 in Resources */ = {isa = PBXBuildFile; fileRef = 815C87DC2A09A7F7005C331F /* hexagono.mp3 */; };
		815C87E72A09A7F7005C331F /* trapezio.mp3 in Resources */ = {isa = PBXBuildFile; fileRef = 815C87DE2A09A7F7005C331F /* trapezio.mp3 */; };
		815C87EB2A09B7A7005C331F /* AccountRegisterField.swift in Sources */ = {isa = PBXBuildFile; fileRef = 815C87EA2A09B7A7005C331F /* AccountRegisterField.swift */; };
		817474F52A0096330044F934 /* vaca.mp3 in Resources */ = {isa = PBXBuildFile; fileRef = 817474EF2A0096320044F934 /* vaca.mp3 */; };
		817474F62A0096330044F934 /* lion.mp3 in Resources */ = {isa = PBXBuildFile; fileRef = 817474F02A0096320044F934 /* lion.mp3 */; };
		817474F72A0096330044F934 /* tucano.mp3 in Resources */ = {isa = PBXBuildFile; fileRef = 817474F12A0096330044F934 /* tucano.mp3 */; };
		817474F82A0096330044F934 /* onça.mp3 in Resources */ = {isa = PBXBuildFile; fileRef = 817474F22A0096330044F934 /* onça.mp3 */; };
		817474F92A0096330044F934 /* monkey.mp3 in Resources */ = {isa = PBXBuildFile; fileRef = 817474F32A0096330044F934 /* monkey.mp3 */; };
		817474FA2A0096330044F934 /* zebra.mp3 in Resources */ = {isa = PBXBuildFile; fileRef = 817474F42A0096330044F934 /* zebra.mp3 */; };
		81908E9129FB50EC00D730C4 /* CongratulationView.swift in Sources */ = {isa = PBXBuildFile; fileRef = 81908E9029FB50EC00D730C4 /* CongratulationView.swift */; };
		81908E9329FB50ED00D730C4 /* Assets.xcassets in Resources */ = {isa = PBXBuildFile; fileRef = 81908E9229FB50ED00D730C4 /* Assets.xcassets */; };
		81908E9629FB50ED00D730C4 /* Preview Assets.xcassets in Resources */ = {isa = PBXBuildFile; fileRef = 81908E9529FB50ED00D730C4 /* Preview Assets.xcassets */; };
		81D077E12A06DAE900D8880A /* app.swift in Sources */ = {isa = PBXBuildFile; fileRef = 81D077E02A06DAE900D8880A /* app.swift */; };
		81D077E52A06DECA00D8880A /* Question.swift in Sources */ = {isa = PBXBuildFile; fileRef = 81D077E42A06DECA00D8880A /* Question.swift */; };
		81D078032A082EF400D8880A /* FruitView.swift in Sources */ = {isa = PBXBuildFile; fileRef = 81D078022A082EF400D8880A /* FruitView.swift */; };
		81D0780F2A094E1800D8880A /* manga.mp3 in Resources */ = {isa = PBXBuildFile; fileRef = 81D078052A094E1800D8880A /* manga.mp3 */; };
		81D078102A094E1800D8880A /* abacaxi.mp3 in Resources */ = {isa = PBXBuildFile; fileRef = 81D078062A094E1800D8880A /* abacaxi.mp3 */; };
		81D078112A094E1800D8880A /* laranja.mp3 in Resources */ = {isa = PBXBuildFile; fileRef = 81D078072A094E1800D8880A /* laranja.mp3 */; };
		81D078122A094E1800D8880A /* melancia.mp3 in Resources */ = {isa = PBXBuildFile; fileRef = 81D078082A094E1800D8880A /* melancia.mp3 */; };
		81D078132A094E1800D8880A /* morango.mp3 in Resources */ = {isa = PBXBuildFile; fileRef = 81D078092A094E1800D8880A /* morango.mp3 */; };
		81D078142A094E1800D8880A /* pera.mp3 in Resources */ = {isa = PBXBuildFile; fileRef = 81D0780A2A094E1800D8880A /* pera.mp3 */; };
		81D078152A094E1800D8880A /* maça.mp3 in Resources */ = {isa = PBXBuildFile; fileRef = 81D0780B2A094E1800D8880A /* maça.mp3 */; };
		81D078162A094E1800D8880A /* kiwi.mp3 in Resources */ = {isa = PBXBuildFile; fileRef = 81D0780C2A094E1800D8880A /* kiwi.mp3 */; };
		81D078172A094E1800D8880A /* banana.mp3 in Resources */ = {isa = PBXBuildFile; fileRef = 81D0780D2A094E1800D8880A /* banana.mp3 */; };
		81D078182A094E1800D8880A /* uva.mp3 in Resources */ = {isa = PBXBuildFile; fileRef = 81D0780E2A094E1800D8880A /* uva.mp3 */; };
		81F5D47829FECCDA002BE8E0 /* GameAnimalView.swift in Sources */ = {isa = PBXBuildFile; fileRef = 81F5D47729FECCDA002BE8E0 /* GameAnimalView.swift */; };
		81F5D47D29FEDF63002BE8E0 /* dog.mp3 in Resources */ = {isa = PBXBuildFile; fileRef = 81F5D47C29FEDF63002BE8E0 /* dog.mp3 */; };
		81F5D47F29FEEF7C002BE8E0 /* elephant.mp3 in Resources */ = {isa = PBXBuildFile; fileRef = 81F5D47E29FEEF7C002BE8E0 /* elephant.mp3 */; };
		81F5D48129FEF02C002BE8E0 /* cat.mp3 in Resources */ = {isa = PBXBuildFile; fileRef = 81F5D48029FEF02C002BE8E0 /* cat.mp3 */; };
		81F5D48329FEF0E7002BE8E0 /* jacaré.mp3 in Resources */ = {isa = PBXBuildFile; fileRef = 81F5D48229FEF0E7002BE8E0 /* jacaré.mp3 */; };
/* End PBXBuildFile section */

/* Begin PBXFileReference section */
		81517D7D2A09E24400AD3879 /* GameViewField.swift */ = {isa = PBXFileReference; lastKnownFileType = sourcecode.swift; path = GameViewField.swift; sourceTree = "<group>"; };
		81517D802A09E47D00AD3879 /* Login.swift */ = {isa = PBXFileReference; fileEncoding = 4; lastKnownFileType = sourcecode.swift; path = Login.swift; sourceTree = "<group>"; };
		81517D812A09E47D00AD3879 /* LoginView.swift */ = {isa = PBXFileReference; fileEncoding = 4; lastKnownFileType = sourcecode.swift; path = LoginView.swift; sourceTree = "<group>"; };
		81517DA02A0B13C800AD3879 /* ColorGameViewField.swift */ = {isa = PBXFileReference; lastKnownFileType = sourcecode.swift; path = ColorGameViewField.swift; sourceTree = "<group>"; };
		81517DA32A0B15B500AD3879 /* verde.mp3 */ = {isa = PBXFileReference; lastKnownFileType = audio.mp3; path = verde.mp3; sourceTree = "<group>"; };
		81517DA42A0B15B500AD3879 /* cinza.mp3 */ = {isa = PBXFileReference; lastKnownFileType = audio.mp3; path = cinza.mp3; sourceTree = "<group>"; };
		81517DA52A0B15B500AD3879 /* azul.mp3 */ = {isa = PBXFileReference; lastKnownFileType = audio.mp3; path = azul.mp3; sourceTree = "<group>"; };
		81517DA62A0B15B500AD3879 /* amarelo.mp3 */ = {isa = PBXFileReference; lastKnownFileType = audio.mp3; path = amarelo.mp3; sourceTree = "<group>"; };
		81517DA72A0B15B600AD3879 /* laranjacolor.mp3 */ = {isa = PBXFileReference; lastKnownFileType = audio.mp3; path = laranjacolor.mp3; sourceTree = "<group>"; };
		81517DA82A0B15B600AD3879 /* vermelho.mp3 */ = {isa = PBXFileReference; lastKnownFileType = audio.mp3; path = vermelho.mp3; sourceTree = "<group>"; };
		81517DA92A0B15B800AD3879 /* marrom.mp3 */ = {isa = PBXFileReference; lastKnownFileType = audio.mp3; path = marrom.mp3; sourceTree = "<group>"; };
		81517DAA2A0B15B800AD3879 /* rosa.mp3 */ = {isa = PBXFileReference; lastKnownFileType = audio.mp3; path = rosa.mp3; sourceTree = "<group>"; };
		81517DAB2A0B15B900AD3879 /* preto.mp3 */ = {isa = PBXFileReference; lastKnownFileType = audio.mp3; path = preto.mp3; sourceTree = "<group>"; };
		81517DAC2A0B15B900AD3879 /* roxo.mp3 */ = {isa = PBXFileReference; lastKnownFileType = audio.mp3; path = roxo.mp3; sourceTree = "<group>"; };
		81517DB82A0B17E300AD3879 /* esfera.mp3 */ = {isa = PBXFileReference; lastKnownFileType = audio.mp3; path = esfera.mp3; sourceTree = "<group>"; };
		815C87D32A09A2C4005C331F /* GeometricView.swift */ = {isa = PBXFileReference; lastKnownFileType = sourcecode.swift; path = GeometricView.swift; sourceTree = "<group>"; };
		815C87D62A09A7F7005C331F /* quadrado.mp3 */ = {isa = PBXFileReference; lastKnownFileType = audio.mp3; path = quadrado.mp3; sourceTree = "<group>"; };
		815C87D72A09A7F7005C331F /* triangulo.mp3 */ = {isa = PBXFileReference; lastKnownFileType = audio.mp3; path = triangulo.mp3; sourceTree = "<group>"; };
		815C87D82A09A7F7005C331F /* oval.mp3 */ = {isa = PBXFileReference; lastKnownFileType = audio.mp3; path = oval.mp3; sourceTree = "<group>"; };
		815C87D92A09A7F7005C331F /* retangulo.mp3 */ = {isa = PBXFileReference; lastKnownFileType = audio.mp3; path = retangulo.mp3; sourceTree = "<group>"; };
		815C87DA2A09A7F7005C331F /* pentagono.mp3 */ = {isa = PBXFileReference; lastKnownFileType = audio.mp3; path = pentagono.mp3; sourceTree = "<group>"; };
		815C87DB2A09A7F7005C331F /* losango.mp3 */ = {isa = PBXFileReference; lastKnownFileType = audio.mp3; path = losango.mp3; sourceTree = "<group>"; };
		815C87DC2A09A7F7005C331F /* hexagono.mp3 */ = {isa = PBXFileReference; lastKnownFileType = audio.mp3; path = hexagono.mp3; sourceTree = "<group>"; };
		815C87DE2A09A7F7005C331F /* trapezio.mp3 */ = {isa = PBXFileReference; lastKnownFileType = audio.mp3; path = trapezio.mp3; sourceTree = "<group>"; };
		815C87EA2A09B7A7005C331F /* AccountRegisterField.swift */ = {isa = PBXFileReference; lastKnownFileType = sourcecode.swift; path = AccountRegisterField.swift; sourceTree = "<group>"; };
		817474EF2A0096320044F934 /* vaca.mp3 */ = {isa = PBXFileReference; lastKnownFileType = audio.mp3; path = vaca.mp3; sourceTree = "<group>"; };
		817474F02A0096320044F934 /* lion.mp3 */ = {isa = PBXFileReference; lastKnownFileType = audio.mp3; path = lion.mp3; sourceTree = "<group>"; };
		817474F12A0096330044F934 /* tucano.mp3 */ = {isa = PBXFileReference; lastKnownFileType = audio.mp3; path = tucano.mp3; sourceTree = "<group>"; };
		817474F22A0096330044F934 /* onça.mp3 */ = {isa = PBXFileReference; lastKnownFileType = audio.mp3; path = "onça.mp3"; sourceTree = "<group>"; };
		817474F32A0096330044F934 /* monkey.mp3 */ = {isa = PBXFileReference; lastKnownFileType = audio.mp3; path = monkey.mp3; sourceTree = "<group>"; };
		817474F42A0096330044F934 /* zebra.mp3 */ = {isa = PBXFileReference; lastKnownFileType = audio.mp3; path = zebra.mp3; sourceTree = "<group>"; };
		81908E8B29FB50EC00D730C4 /* jab.app */ = {isa = PBXFileReference; explicitFileType = wrapper.application; includeInIndex = 0; path = jab.app; sourceTree = BUILT_PRODUCTS_DIR; };
		81908E9029FB50EC00D730C4 /* CongratulationView.swift */ = {isa = PBXFileReference; lastKnownFileType = sourcecode.swift; path = CongratulationView.swift; sourceTree = "<group>"; };
		81908E9229FB50ED00D730C4 /* Assets.xcassets */ = {isa = PBXFileReference; lastKnownFileType = folder.assetcatalog; path = Assets.xcassets; sourceTree = "<group>"; };
		81908E9529FB50ED00D730C4 /* Preview Assets.xcassets */ = {isa = PBXFileReference; lastKnownFileType = folder.assetcatalog; path = "Preview Assets.xcassets"; sourceTree = "<group>"; };
		81D077E02A06DAE900D8880A /* app.swift */ = {isa = PBXFileReference; lastKnownFileType = sourcecode.swift; path = app.swift; sourceTree = "<group>"; };
		81D077E42A06DECA00D8880A /* Question.swift */ = {isa = PBXFileReference; lastKnownFileType = sourcecode.swift; path = Question.swift; sourceTree = "<group>"; };
		81D078022A082EF400D8880A /* FruitView.swift */ = {isa = PBXFileReference; lastKnownFileType = sourcecode.swift; path = FruitView.swift; sourceTree = "<group>"; };
		81D078052A094E1800D8880A /* manga.mp3 */ = {isa = PBXFileReference; lastKnownFileType = audio.mp3; path = manga.mp3; sourceTree = "<group>"; };
		81D078062A094E1800D8880A /* abacaxi.mp3 */ = {isa = PBXFileReference; lastKnownFileType = audio.mp3; path = abacaxi.mp3; sourceTree = "<group>"; };
		81D078072A094E1800D8880A /* laranja.mp3 */ = {isa = PBXFileReference; lastKnownFileType = audio.mp3; path = laranja.mp3; sourceTree = "<group>"; };
		81D078082A094E1800D8880A /* melancia.mp3 */ = {isa = PBXFileReference; lastKnownFileType = audio.mp3; path = melancia.mp3; sourceTree = "<group>"; };
		81D078092A094E1800D8880A /* morango.mp3 */ = {isa = PBXFileReference; lastKnownFileType = audio.mp3; path = morango.mp3; sourceTree = "<group>"; };
		81D0780A2A094E1800D8880A /* pera.mp3 */ = {isa = PBXFileReference; lastKnownFileType = audio.mp3; path = pera.mp3; sourceTree = "<group>"; };
		81D0780B2A094E1800D8880A /* maça.mp3 */ = {isa = PBXFileReference; lastKnownFileType = audio.mp3; path = "maça.mp3"; sourceTree = "<group>"; };
		81D0780C2A094E1800D8880A /* kiwi.mp3 */ = {isa = PBXFileReference; lastKnownFileType = audio.mp3; path = kiwi.mp3; sourceTree = "<group>"; };
		81D0780D2A094E1800D8880A /* banana.mp3 */ = {isa = PBXFileReference; lastKnownFileType = audio.mp3; path = banana.mp3; sourceTree = "<group>"; };
		81D0780E2A094E1800D8880A /* uva.mp3 */ = {isa = PBXFileReference; lastKnownFileType = audio.mp3; path = uva.mp3; sourceTree = "<group>"; };
		81F5D47729FECCDA002BE8E0 /* GameAnimalView.swift */ = {isa = PBXFileReference; lastKnownFileType = sourcecode.swift; path = GameAnimalView.swift; sourceTree = "<group>"; };
		81F5D47C29FEDF63002BE8E0 /* dog.mp3 */ = {isa = PBXFileReference; lastKnownFileType = audio.mp3; path = dog.mp3; sourceTree = "<group>"; };
		81F5D47E29FEEF7C002BE8E0 /* elephant.mp3 */ = {isa = PBXFileReference; lastKnownFileType = audio.mp3; path = elephant.mp3; sourceTree = "<group>"; };
		81F5D48029FEF02C002BE8E0 /* cat.mp3 */ = {isa = PBXFileReference; lastKnownFileType = audio.mp3; path = cat.mp3; sourceTree = "<group>"; };
		81F5D48229FEF0E7002BE8E0 /* jacaré.mp3 */ = {isa = PBXFileReference; lastKnownFileType = audio.mp3; path = "jacaré.mp3"; sourceTree = "<group>"; };
/* End PBXFileReference section */

/* Begin PBXFrameworksBuildPhase section */
		81908E8829FB50EC00D730C4 /* Frameworks */ = {
			isa = PBXFrameworksBuildPhase;
			buildActionMask = 2147483647;
			files = (
			);
			runOnlyForDeploymentPostprocessing = 0;
		};
/* End PBXFrameworksBuildPhase section */

/* Begin PBXGroup section */
		81517D7F2A09E47D00AD3879 /* View */ = {
			isa = PBXGroup;
			children = (
				81517D802A09E47D00AD3879 /* Login.swift */,
				81517D812A09E47D00AD3879 /* LoginView.swift */,
			);
			path = View;
			sourceTree = "<group>";
		};
		81517DA22A0B159E00AD3879 /* ColorSounds */ = {
			isa = PBXGroup;
			children = (
				81517DA62A0B15B500AD3879 /* amarelo.mp3 */,
				81517DA52A0B15B500AD3879 /* azul.mp3 */,
				81517DA42A0B15B500AD3879 /* cinza.mp3 */,
				81517DA72A0B15B600AD3879 /* laranjacolor.mp3 */,
				81517DA92A0B15B800AD3879 /* marrom.mp3 */,
				81517DAB2A0B15B900AD3879 /* preto.mp3 */,
				81517DAA2A0B15B800AD3879 /* rosa.mp3 */,
				81517DAC2A0B15B900AD3879 /* roxo.mp3 */,
				81517DA32A0B15B500AD3879 /* verde.mp3 */,
				81517DA82A0B15B600AD3879 /* vermelho.mp3 */,
			);
			path = ColorSounds;
			sourceTree = "<group>";
		};
		81517DB72A0B174400AD3879 /* Sounds */ = {
			isa = PBXGroup;
			children = (
				81517DA22A0B159E00AD3879 /* ColorSounds */,
				81D078042A092AA800D8880A /* SoundFruit */,
				81F5D47929FEDEB4002BE8E0 /* SoundAnimals */,
				815C87D52A09A7D4005C331F /* SoundGeometric */,
			);
			path = Sounds;
			sourceTree = "<group>";
		};
		815C87D52A09A7D4005C331F /* SoundGeometric */ = {
			isa = PBXGroup;
			children = (
				815C87DC2A09A7F7005C331F /* hexagono.mp3 */,
				815C87DB2A09A7F7005C331F /* losango.mp3 */,
				81517DB82A0B17E300AD3879 /* esfera.mp3 */,
				815C87D82A09A7F7005C331F /* oval.mp3 */,
				815C87DA2A09A7F7005C331F /* pentagono.mp3 */,
				815C87D62A09A7F7005C331F /* quadrado.mp3 */,
				815C87D92A09A7F7005C331F /* retangulo.mp3 */,
				815C87DE2A09A7F7005C331F /* trapezio.mp3 */,
				815C87D72A09A7F7005C331F /* triangulo.mp3 */,
			);
			path = SoundGeometric;
			sourceTree = "<group>";
		};
		81908E8229FB50EC00D730C4 = {
			isa = PBXGroup;
			children = (
				81908E8D29FB50EC00D730C4 /* jab */,
				81908E8C29FB50EC00D730C4 /* Products */,
			);
			sourceTree = "<group>";
		};
		81908E8C29FB50EC00D730C4 /* Products */ = {
			isa = PBXGroup;
			children = (
				81908E8B29FB50EC00D730C4 /* jab.app */,
			);
			name = Products;
			sourceTree = "<group>";
		};
		81908E8D29FB50EC00D730C4 /* jab */ = {
			isa = PBXGroup;
			children = (
				81517D7F2A09E47D00AD3879 /* View */,
				81517DB72A0B174400AD3879 /* Sounds */,
				81908E9229FB50ED00D730C4 /* Assets.xcassets */,
				81D077E02A06DAE900D8880A /* app.swift */,
				81D077E22A06DB2F00D8880A /* Screens */,
				81908E9429FB50ED00D730C4 /* Preview Content */,
			);
			path = jab;
			sourceTree = "<group>";
		};
		81908E9429FB50ED00D730C4 /* Preview Content */ = {
			isa = PBXGroup;
			children = (
				81908E9529FB50ED00D730C4 /* Preview Assets.xcassets */,
			);
			path = "Preview Content";
			sourceTree = "<group>";
		};
		81D077E22A06DB2F00D8880A /* Screens */ = {
			isa = PBXGroup;
			children = (
				815C87EA2A09B7A7005C331F /* AccountRegisterField.swift */,
				81908E9029FB50EC00D730C4 /* CongratulationView.swift */,
				81F5D47729FECCDA002BE8E0 /* GameAnimalView.swift */,
				81D078022A082EF400D8880A /* FruitView.swift */,
				815C87D32A09A2C4005C331F /* GeometricView.swift */,
				81517DA02A0B13C800AD3879 /* ColorGameViewField.swift */,
				81517D7D2A09E24400AD3879 /* GameViewField.swift */,
				81D077E32A06DB4F00D8880A /* Model */,
			);
			path = Screens;
			sourceTree = "<group>";
		};
		81D077E32A06DB4F00D8880A /* Model */ = {
			isa = PBXGroup;
			children = (
				81D077E42A06DECA00D8880A /* Question.swift */,
			);
			path = Model;
			sourceTree = "<group>";
		};
		81D078042A092AA800D8880A /* SoundFruit */ = {
			isa = PBXGroup;
			children = (
				81D078062A094E1800D8880A /* abacaxi.mp3 */,
				81D0780D2A094E1800D8880A /* banana.mp3 */,
				81D0780C2A094E1800D8880A /* kiwi.mp3 */,
				81D078072A094E1800D8880A /* laranja.mp3 */,
				81D0780B2A094E1800D8880A /* maça.mp3 */,
				81D078052A094E1800D8880A /* manga.mp3 */,
				81D078082A094E1800D8880A /* melancia.mp3 */,
				81D078092A094E1800D8880A /* morango.mp3 */,
				81D0780A2A094E1800D8880A /* pera.mp3 */,
				81D0780E2A094E1800D8880A /* uva.mp3 */,
			);
			path = SoundFruit;
			sourceTree = "<group>";
		};
		81F5D47929FEDEB4002BE8E0 /* SoundAnimals */ = {
			isa = PBXGroup;
			children = (
				81F5D48229FEF0E7002BE8E0 /* jacaré.mp3 */,
				817474F02A0096320044F934 /* lion.mp3 */,
				817474F32A0096330044F934 /* monkey.mp3 */,
				817474F22A0096330044F934 /* onça.mp3 */,
				817474F12A0096330044F934 /* tucano.mp3 */,
				817474EF2A0096320044F934 /* vaca.mp3 */,
				817474F42A0096330044F934 /* zebra.mp3 */,
				81F5D48029FEF02C002BE8E0 /* cat.mp3 */,
				81F5D47E29FEEF7C002BE8E0 /* elephant.mp3 */,
				81F5D47C29FEDF63002BE8E0 /* dog.mp3 */,
			);
			path = SoundAnimals;
			sourceTree = "<group>";
		};
/* End PBXGroup section */

/* Begin PBXNativeTarget section */
		81908E8A29FB50EC00D730C4 /* jab */ = {
			isa = PBXNativeTarget;
			buildConfigurationList = 81908E9929FB50ED00D730C4 /* Build configuration list for PBXNativeTarget "jab" */;
			buildPhases = (
				81908E8729FB50EC00D730C4 /* Sources */,
				81908E8829FB50EC00D730C4 /* Frameworks */,
				81908E8929FB50EC00D730C4 /* Resources */,
			);
			buildRules = (
			);
			dependencies = (
			);
			name = jab;
			productName = jab;
			productReference = 81908E8B29FB50EC00D730C4 /* jab.app */;
			productType = "com.apple.product-type.application";
		};
/* End PBXNativeTarget section */

/* Begin PBXProject section */
		81908E8329FB50EC00D730C4 /* Project object */ = {
			isa = PBXProject;
			attributes = {
				BuildIndependentTargetsInParallel = 1;
				LastSwiftUpdateCheck = 1420;
				LastUpgradeCheck = 1420;
				TargetAttributes = {
					81908E8A29FB50EC00D730C4 = {
						CreatedOnToolsVersion = 14.2;
					};
				};
			};
			buildConfigurationList = 81908E8629FB50EC00D730C4 /* Build configuration list for PBXProject "jab" */;
			compatibilityVersion = "Xcode 14.0";
			developmentRegion = en;
			hasScannedForEncodings = 0;
			knownRegions = (
				en,
				Base,
			);
			mainGroup = 81908E8229FB50EC00D730C4;
			productRefGroup = 81908E8C29FB50EC00D730C4 /* Products */;
			projectDirPath = "";
			projectRoot = "";
			targets = (
				81908E8A29FB50EC00D730C4 /* jab */,
			);
		};
/* End PBXProject section */

/* Begin PBXResourcesBuildPhase section */
		81908E8929FB50EC00D730C4 /* Resources */ = {
			isa = PBXResourcesBuildPhase;
			buildActionMask = 2147483647;
			files = (
				817474F62A0096330044F934 /* lion.mp3 in Resources */,
				81D078152A094E1800D8880A /* maça.mp3 in Resources */,
				81F5D48129FEF02C002BE8E0 /* cat.mp3 in Resources */,
				81517DB22A0B15B900AD3879 /* vermelho.mp3 in Resources */,
				81D078142A094E1800D8880A /* pera.mp3 in Resources */,
				81D078102A094E1800D8880A /* abacaxi.mp3 in Resources */,
				81F5D47D29FEDF63002BE8E0 /* dog.mp3 in Resources */,
				815C87E72A09A7F7005C331F /* trapezio.mp3 in Resources */,
				81D078162A094E1800D8880A /* kiwi.mp3 in Resources */,
				815C87E22A09A7F7005C331F /* retangulo.mp3 in Resources */,
				81517DAE2A0B15B900AD3879 /* cinza.mp3 in Resources */,
				81517DB92A0B17E300AD3879 /* esfera.mp3 in Resources */,
				81D078122A094E1800D8880A /* melancia.mp3 in Resources */,
				81517DB32A0B15B900AD3879 /* marrom.mp3 in Resources */,
				817474F82A0096330044F934 /* onça.mp3 in Resources */,
				81517DB42A0B15B900AD3879 /* rosa.mp3 in Resources */,
				81517DAF2A0B15B900AD3879 /* azul.mp3 in Resources */,
				81F5D48329FEF0E7002BE8E0 /* jacaré.mp3 in Resources */,
				81517DB52A0B15B900AD3879 /* preto.mp3 in Resources */,
				815C87E32A09A7F7005C331F /* pentagono.mp3 in Resources */,
				817474F92A0096330044F934 /* monkey.mp3 in Resources */,
				81517DB12A0B15B900AD3879 /* laranjacolor.mp3 in Resources */,
				817474F72A0096330044F934 /* tucano.mp3 in Resources */,
				81D078112A094E1800D8880A /* laranja.mp3 in Resources */,
				817474FA2A0096330044F934 /* zebra.mp3 in Resources */,
				81908E9629FB50ED00D730C4 /* Preview Assets.xcassets in Resources */,
				81D078182A094E1800D8880A /* uva.mp3 in Resources */,
				81908E9329FB50ED00D730C4 /* Assets.xcassets in Resources */,
				815C87E52A09A7F7005C331F /* hexagono.mp3 in Resources */,
				815C87DF2A09A7F7005C331F /* quadrado.mp3 in Resources */,
				81517DB62A0B15B900AD3879 /* roxo.mp3 in Resources */,
				815C87E42A09A7F7005C331F /* losango.mp3 in Resources */,
				81D078132A094E1800D8880A /* morango.mp3 in Resources */,
				81517DB02A0B15B900AD3879 /* amarelo.mp3 in Resources */,
				815C87E02A09A7F7005C331F /* triangulo.mp3 in Resources */,
				81D078172A094E1800D8880A /* banana.mp3 in Resources */,
				81D0780F2A094E1800D8880A /* manga.mp3 in Resources */,
				815C87E12A09A7F7005C331F /* oval.mp3 in Resources */,
				81F5D47F29FEEF7C002BE8E0 /* elephant.mp3 in Resources */,
				81517DAD2A0B15B900AD3879 /* verde.mp3 in Resources */,
				817474F52A0096330044F934 /* vaca.mp3 in Resources */,
			);
			runOnlyForDeploymentPostprocessing = 0;
		};
/* End PBXResourcesBuildPhase section */

/* Begin PBXSourcesBuildPhase section */
		81908E8729FB50EC00D730C4 /* Sources */ = {
			isa = PBXSourcesBuildPhase;
			buildActionMask = 2147483647;
			files = (
				815C87EB2A09B7A7005C331F /* AccountRegisterField.swift in Sources */,
				81517D822A09E47D00AD3879 /* Login.swift in Sources */,
				81908E9129FB50EC00D730C4 /* CongratulationView.swift in Sources */,
				81D077E52A06DECA00D8880A /* Question.swift in Sources */,
				815C87D42A09A2C4005C331F /* GeometricView.swift in Sources */,
				81F5D47829FECCDA002BE8E0 /* GameAnimalView.swift in Sources */,
				81517DA12A0B13C800AD3879 /* ColorGameViewField.swift in Sources */,
				81D078032A082EF400D8880A /* FruitView.swift in Sources */,
				81517D832A09E47D00AD3879 /* LoginView.swift in Sources */,
				81517D7E2A09E24400AD3879 /* GameViewField.swift in Sources */,
				81D077E12A06DAE900D8880A /* app.swift in Sources */,
			);
			runOnlyForDeploymentPostprocessing = 0;
		};
/* End PBXSourcesBuildPhase section */

/* Begin XCBuildConfiguration section */
		81908E9729FB50ED00D730C4 /* Debug */ = {
			isa = XCBuildConfiguration;
			buildSettings = {
				ALWAYS_SEARCH_USER_PATHS = NO;
				CLANG_ANALYZER_NONNULL = YES;
				CLANG_ANALYZER_NUMBER_OBJECT_CONVERSION = YES_AGGRESSIVE;
				CLANG_CXX_LANGUAGE_STANDARD = "gnu++20";
				CLANG_ENABLE_MODULES = YES;
				CLANG_ENABLE_OBJC_ARC = YES;
				CLANG_ENABLE_OBJC_WEAK = YES;
				CLANG_WARN_BLOCK_CAPTURE_AUTORELEASING = YES;
				CLANG_WARN_BOOL_CONVERSION = YES;
				CLANG_WARN_COMMA = YES;
				CLANG_WARN_CONSTANT_CONVERSION = YES;
				CLANG_WARN_DEPRECATED_OBJC_IMPLEMENTATIONS = YES;
				CLANG_WARN_DIRECT_OBJC_ISA_USAGE = YES_ERROR;
				CLANG_WARN_DOCUMENTATION_COMMENTS = YES;
				CLANG_WARN_EMPTY_BODY = YES;
				CLANG_WARN_ENUM_CONVERSION = YES;
				CLANG_WARN_INFINITE_RECURSION = YES;
				CLANG_WARN_INT_CONVERSION = YES;
				CLANG_WARN_NON_LITERAL_NULL_CONVERSION = YES;
				CLANG_WARN_OBJC_IMPLICIT_RETAIN_SELF = YES;
				CLANG_WARN_OBJC_LITERAL_CONVERSION = YES;
				CLANG_WARN_OBJC_ROOT_CLASS = YES_ERROR;
				CLANG_WARN_QUOTED_INCLUDE_IN_FRAMEWORK_HEADER = YES;
				CLANG_WARN_RANGE_LOOP_ANALYSIS = YES;
				CLANG_WARN_STRICT_PROTOTYPES = YES;
				CLANG_WARN_SUSPICIOUS_MOVE = YES;
				CLANG_WARN_UNGUARDED_AVAILABILITY = YES_AGGRESSIVE;
				CLANG_WARN_UNREACHABLE_CODE = YES;
				CLANG_WARN__DUPLICATE_METHOD_MATCH = YES;
				COPY_PHASE_STRIP = NO;
				DEBUG_INFORMATION_FORMAT = dwarf;
				ENABLE_STRICT_OBJC_MSGSEND = YES;
				ENABLE_TESTABILITY = YES;
				GCC_C_LANGUAGE_STANDARD = gnu11;
				GCC_DYNAMIC_NO_PIC = NO;
				GCC_NO_COMMON_BLOCKS = YES;
				GCC_OPTIMIZATION_LEVEL = 0;
				GCC_PREPROCESSOR_DEFINITIONS = (
					"DEBUG=1",
					"$(inherited)",
				);
				GCC_WARN_64_TO_32_BIT_CONVERSION = YES;
				GCC_WARN_ABOUT_RETURN_TYPE = YES_ERROR;
				GCC_WARN_UNDECLARED_SELECTOR = YES;
				GCC_WARN_UNINITIALIZED_AUTOS = YES_AGGRESSIVE;
				GCC_WARN_UNUSED_FUNCTION = YES;
				GCC_WARN_UNUSED_VARIABLE = YES;
				IPHONEOS_DEPLOYMENT_TARGET = 16.2;
				MTL_ENABLE_DEBUG_INFO = INCLUDE_SOURCE;
				MTL_FAST_MATH = YES;
				ONLY_ACTIVE_ARCH = YES;
				SDKROOT = iphoneos;
				SWIFT_ACTIVE_COMPILATION_CONDITIONS = DEBUG;
				SWIFT_OPTIMIZATION_LEVEL = "-Onone";
			};
			name = Debug;
		};
		81908E9829FB50ED00D730C4 /* Release */ = {
			isa = XCBuildConfiguration;
			buildSettings = {
				ALWAYS_SEARCH_USER_PATHS = NO;
				CLANG_ANALYZER_NONNULL = YES;
				CLANG_ANALYZER_NUMBER_OBJECT_CONVERSION = YES_AGGRESSIVE;
				CLANG_CXX_LANGUAGE_STANDARD = "gnu++20";
				CLANG_ENABLE_MODULES = YES;
				CLANG_ENABLE_OBJC_ARC = YES;
				CLANG_ENABLE_OBJC_WEAK = YES;
				CLANG_WARN_BLOCK_CAPTURE_AUTORELEASING = YES;
				CLANG_WARN_BOOL_CONVERSION = YES;
				CLANG_WARN_COMMA = YES;
				CLANG_WARN_CONSTANT_CONVERSION = YES;
				CLANG_WARN_DEPRECATED_OBJC_IMPLEMENTATIONS = YES;
				CLANG_WARN_DIRECT_OBJC_ISA_USAGE = YES_ERROR;
				CLANG_WARN_DOCUMENTATION_COMMENTS = YES;
				CLANG_WARN_EMPTY_BODY = YES;
				CLANG_WARN_ENUM_CONVERSION = YES;
				CLANG_WARN_INFINITE_RECURSION = YES;
				CLANG_WARN_INT_CONVERSION = YES;
				CLANG_WARN_NON_LITERAL_NULL_CONVERSION = YES;
				CLANG_WARN_OBJC_IMPLICIT_RETAIN_SELF = YES;
				CLANG_WARN_OBJC_LITERAL_CONVERSION = YES;
				CLANG_WARN_OBJC_ROOT_CLASS = YES_ERROR;
				CLANG_WARN_QUOTED_INCLUDE_IN_FRAMEWORK_HEADER = YES;
				CLANG_WARN_RANGE_LOOP_ANALYSIS = YES;
				CLANG_WARN_STRICT_PROTOTYPES = YES;
				CLANG_WARN_SUSPICIOUS_MOVE = YES;
				CLANG_WARN_UNGUARDED_AVAILABILITY = YES_AGGRESSIVE;
				CLANG_WARN_UNREACHABLE_CODE = YES;
				CLANG_WARN__DUPLICATE_METHOD_MATCH = YES;
				COPY_PHASE_STRIP = NO;
				DEBUG_INFORMATION_FORMAT = "dwarf-with-dsym";
				ENABLE_NS_ASSERTIONS = NO;
				ENABLE_STRICT_OBJC_MSGSEND = YES;
				GCC_C_LANGUAGE_STANDARD = gnu11;
				GCC_NO_COMMON_BLOCKS = YES;
				GCC_WARN_64_TO_32_BIT_CONVERSION = YES;
				GCC_WARN_ABOUT_RETURN_TYPE = YES_ERROR;
				GCC_WARN_UNDECLARED_SELECTOR = YES;
				GCC_WARN_UNINITIALIZED_AUTOS = YES_AGGRESSIVE;
				GCC_WARN_UNUSED_FUNCTION = YES;
				GCC_WARN_UNUSED_VARIABLE = YES;
				IPHONEOS_DEPLOYMENT_TARGET = 16.2;
				MTL_ENABLE_DEBUG_INFO = NO;
				MTL_FAST_MATH = YES;
				SDKROOT = iphoneos;
				SWIFT_COMPILATION_MODE = wholemodule;
				SWIFT_OPTIMIZATION_LEVEL = "-O";
				VALIDATE_PRODUCT = YES;
			};
			name = Release;
		};
		81908E9A29FB50ED00D730C4 /* Debug */ = {
			isa = XCBuildConfiguration;
			buildSettings = {
				ASSETCATALOG_COMPILER_APPICON_NAME = AppIcon;
				ASSETCATALOG_COMPILER_GLOBAL_ACCENT_COLOR_NAME = AccentColor;
				CODE_SIGN_STYLE = Automatic;
				CURRENT_PROJECT_VERSION = 1;
				DEVELOPMENT_ASSET_PATHS = "\"jab/Preview Content\"";
				DEVELOPMENT_TEAM = 55NH7L7H22;
				ENABLE_PREVIEWS = YES;
				GENERATE_INFOPLIST_FILE = YES;
				INFOPLIST_KEY_UIApplicationSceneManifest_Generation = YES;
				INFOPLIST_KEY_UIApplicationSupportsIndirectInputEvents = YES;
				INFOPLIST_KEY_UILaunchScreen_Generation = YES;
				INFOPLIST_KEY_UISupportedInterfaceOrientations_iPad = "UIInterfaceOrientationPortrait UIInterfaceOrientationPortraitUpsideDown UIInterfaceOrientationLandscapeLeft UIInterfaceOrientationLandscapeRight";
				INFOPLIST_KEY_UISupportedInterfaceOrientations_iPhone = "UIInterfaceOrientationPortrait UIInterfaceOrientationLandscapeLeft UIInterfaceOrientationLandscapeRight";
				LD_RUNPATH_SEARCH_PATHS = (
					"$(inherited)",
					"@executable_path/Frameworks",
				);
				MARKETING_VERSION = 1.0;
				PRODUCT_BUNDLE_IDENTIFIER = test1.irmandadeswift.jab;
				PRODUCT_NAME = "$(TARGET_NAME)";
				SWIFT_EMIT_LOC_STRINGS = YES;
				SWIFT_VERSION = 5.0;
				TARGETED_DEVICE_FAMILY = "1,2";
			};
			name = Debug;
		};
		81908E9B29FB50ED00D730C4 /* Release */ = {
			isa = XCBuildConfiguration;
			buildSettings = {
				ASSETCATALOG_COMPILER_APPICON_NAME = AppIcon;
				ASSETCATALOG_COMPILER_GLOBAL_ACCENT_COLOR_NAME = AccentColor;
				CODE_SIGN_STYLE = Automatic;
				CURRENT_PROJECT_VERSION = 1;
				DEVELOPMENT_ASSET_PATHS = "\"jab/Preview Content\"";
				DEVELOPMENT_TEAM = 55NH7L7H22;
				ENABLE_PREVIEWS = YES;
				GENERATE_INFOPLIST_FILE = YES;
				INFOPLIST_KEY_UIApplicationSceneManifest_Generation = YES;
				INFOPLIST_KEY_UIApplicationSupportsIndirectInputEvents = YES;
				INFOPLIST_KEY_UILaunchScreen_Generation = YES;
				INFOPLIST_KEY_UISupportedInterfaceOrientations_iPad = "UIInterfaceOrientationPortrait UIInterfaceOrientationPortraitUpsideDown UIInterfaceOrientationLandscapeLeft UIInterfaceOrientationLandscapeRight";
				INFOPLIST_KEY_UISupportedInterfaceOrientations_iPhone = "UIInterfaceOrientationPortrait UIInterfaceOrientationLandscapeLeft UIInterfaceOrientationLandscapeRight";
				LD_RUNPATH_SEARCH_PATHS = (
					"$(inherited)",
					"@executable_path/Frameworks",
				);
				MARKETING_VERSION = 1.0;
				PRODUCT_BUNDLE_IDENTIFIER = test1.irmandadeswift.jab;
				PRODUCT_NAME = "$(TARGET_NAME)";
				SWIFT_EMIT_LOC_STRINGS = YES;
				SWIFT_VERSION = 5.0;
				TARGETED_DEVICE_FAMILY = "1,2";
			};
			name = Release;
		};
/* End XCBuildConfiguration section */

/* Begin XCConfigurationList section */
		81908E8629FB50EC00D730C4 /* Build configuration list for PBXProject "jab" */ = {
			isa = XCConfigurationList;
			buildConfigurations = (
				81908E9729FB50ED00D730C4 /* Debug */,
				81908E9829FB50ED00D730C4 /* Release */,
			);
			defaultConfigurationIsVisible = 0;
			defaultConfigurationName = Release;
		};
		81908E9929FB50ED00D730C4 /* Build configuration list for PBXNativeTarget "jab" */ = {
			isa = XCConfigurationList;
			buildConfigurations = (
				81908E9A29FB50ED00D730C4 /* Debug */,
				81908E9B29FB50ED00D730C4 /* Release */,
			);
			defaultConfigurationIsVisible = 0;
			defaultConfigurationName = Release;
		};
/* End XCConfigurationList section */
	};
	rootObject = 81908E8329FB50EC00D730C4 /* Project object */;
}
